
Microsoft Visual Studio Solution File, Format Version 12.00
# Visual Studio Version 17
VisualStudioVersion = 17.13.35919.96
MinimumVisualStudioVersion = 10.0.40219.1
Project("{FAE04EC0-301F-11D3-BF4B-00C04F79EFBC}") = "BIL", "BIL\BIL.csproj", "{7033271A-F4B7-A7EF-65DD-25C0F6704B5C}"
EndProject
Project("{FAE04EC0-301F-11D3-BF4B-00C04F79EFBC}") = "DAL", "DAL\DAL.csproj", "{12357D34-2A02-1ECD-BC6C-D84ADDC1A72E}"
EndProject
Project("{FAE04EC0-301F-11D3-BF4B-00C04F79EFBC}") = "JLPTMockTestManagement_ SE180090", "JLPTMockTestManagement_ SE180090\JLPTMockTestManagement_ SE180090.csproj", "{2F024373-7E63-86BE-B539-FB6DAE444B07}"
EndProject
Global
	GlobalSection(SolutionConfigurationPlatforms) = preSolution
		Debug|Any CPU = Debug|Any CPU
		Release|Any CPU = Release|Any CPU
	EndGlobalSection
	GlobalSection(ProjectConfigurationPlatforms) = postSolution
		{7033271A-F4B7-A7EF-65DD-25C0F6704B5C}.Debug|Any CPU.ActiveCfg = Debug|Any CPU
		{7033271A-F4B7-A7EF-65DD-25C0F6704B5C}.Debug|Any CPU.Build.0 = Debug|Any CPU
		{7033271A-F4B7-A7EF-65DD-25C0F6704B5C}.Release|Any CPU.ActiveCfg = Release|Any CPU
		{7033271A-F4B7-A7EF-65DD-25C0F6704B5C}.Release|Any CPU.Build.0 = Release|Any CPU
		{12357D34-2A02-1ECD-BC6C-D84ADDC1A72E}.Debug|Any CPU.ActiveCfg = Debug|Any CPU
		{12357D34-2A02-1ECD-BC6C-D84ADDC1A72E}.Debug|Any CPU.Build.0 = Debug|Any CPU
		{12357D34-2A02-1ECD-BC6C-D84ADDC1A72E}.Release|Any CPU.ActiveCfg = Release|Any CPU
		{12357D34-2A02-1ECD-BC6C-D84ADDC1A72E}.Release|Any CPU.Build.0 = Release|Any CPU
		{2F024373-7E63-86BE-B539-FB6DAE444B07}.Debug|Any CPU.ActiveCfg = Debug|Any CPU
		{2F024373-7E63-86BE-B539-FB6DAE444B07}.Debug|Any CPU.Build.0 = Debug|Any CPU
		{2F024373-7E63-86BE-B539-FB6DAE444B07}.Release|Any CPU.ActiveCfg = Release|Any CPU
		{2F024373-7E63-86BE-B539-FB6DAE444B07}.Release|Any CPU.Build.0 = Release|Any CPU
	EndGlobalSection
	GlobalSection(SolutionProperties) = preSolution
		HideSolutionNode = FALSE
	EndGlobalSection
	GlobalSection(ExtensibilityGlobals) = postSolution
		SolutionGuid = {67BE1E58-6B54-4A9D-AD44-4085434DD052}
	EndGlobalSection
EndGlobal
